
Microsoft Visual Studio Solution File, Format Version 12.00
# Visual Studio Version 16
VisualStudioVersion = 16.0.30406.217
MinimumVisualStudioVersion = 10.0.40219.1
Project("{FAE04EC0-301F-11D3-BF4B-00C04F79EFBC}") = "FtpTeste", "FtpTeste\FtpTeste.csproj", "{A732B765-747A-483A-9638-7B669F51D249}"
EndProject
Global
	GlobalSection(SolutionConfigurationPlatforms) = preSolution
		Debug|Any CPU = Debug|Any CPU
		Release|Any CPU = Release|Any CPU
	EndGlobalSection
	GlobalSection(ProjectConfigurationPlatforms) = postSolution
		{A732B765-747A-483A-9638-7B669F51D249}.Debug|Any CPU.ActiveCfg = Debug|Any CPU
		{A732B765-747A-483A-9638-7B669F51D249}.Debug|Any CPU.Build.0 = Debug|Any CPU
		{A732B765-747A-483A-9638-7B669F51D249}.Release|Any CPU.ActiveCfg = Release|Any CPU
		{A732B765-747A-483A-9638-7B669F51D249}.Release|Any CPU.Build.0 = Release|Any CPU
	EndGlobalSection
	GlobalSection(SolutionProperties) = preSolution
		HideSolutionNode = FALSE
	EndGlobalSection
	GlobalSection(ExtensibilityGlobals) = postSolution
		SolutionGuid = {2A775F32-985C-49A1-BCFC-D24BD0F4ECC9}
	EndGlobalSection
EndGlobal
